
Microsoft Visual Studio Solution File, Format Version 12.00
# Visual Studio Version 16
VisualStudioVersion = 16.0.30907.101
MinimumVisualStudioVersion = 10.0.40219.1
Project("{FAE04EC0-301F-11D3-BF4B-00C04F79EFBC}") = "TheBestCloth.API", "TheBestCloth.API\TheBestCloth.API.csproj", "{38C60521-DB10-4259-9265-42AC9251BF6F}"
EndProject
Project("{FAE04EC0-301F-11D3-BF4B-00C04F79EFBC}") = "TheBestCloth.DAL", "TheBestCloth.DAL\TheBestCloth.DAL.csproj", "{CFBCBDD1-FC4A-4BD5-8B0E-1649663A5EDD}"
EndProject
Global
	GlobalSection(SolutionConfigurationPlatforms) = preSolution
		Debug|Any CPU = Debug|Any CPU
		Release|Any CPU = Release|Any CPU
	EndGlobalSection
	GlobalSection(ProjectConfigurationPlatforms) = postSolution
		{38C60521-DB10-4259-9265-42AC9251BF6F}.Debug|Any CPU.ActiveCfg = Debug|Any CPU
		{38C60521-DB10-4259-9265-42AC9251BF6F}.Debug|Any CPU.Build.0 = Debug|Any CPU
		{38C60521-DB10-4259-9265-42AC9251BF6F}.Release|Any CPU.ActiveCfg = Release|Any CPU
		{38C60521-DB10-4259-9265-42AC9251BF6F}.Release|Any CPU.Build.0 = Release|Any CPU
		{CFBCBDD1-FC4A-4BD5-8B0E-1649663A5EDD}.Debug|Any CPU.ActiveCfg = Debug|Any CPU
		{CFBCBDD1-FC4A-4BD5-8B0E-1649663A5EDD}.Debug|Any CPU.Build.0 = Debug|Any CPU
		{CFBCBDD1-FC4A-4BD5-8B0E-1649663A5EDD}.Release|Any CPU.ActiveCfg = Release|Any CPU
		{CFBCBDD1-FC4A-4BD5-8B0E-1649663A5EDD}.Release|Any CPU.Build.0 = Release|Any CPU
	EndGlobalSection
	GlobalSection(SolutionProperties) = preSolution
		HideSolutionNode = FALSE
	EndGlobalSection
	GlobalSection(ExtensibilityGlobals) = postSolution
		SolutionGuid = {5D170CB2-2BCD-4A49-888C-CA663230EE08}
	EndGlobalSection
EndGlobal
